// !$*UTF8*$!
{
	archiveVersion = 1;
	classes = {
	};
	objectVersion = 56;
	objects = {

/* Begin PBXBuildFile section */
		6249771D2B8A349D0059B9C9 /* BannerImageCell.swift in Sources */ = {isa = PBXBuildFile; fileRef = 6249771C2B8A349D0059B9C9 /* BannerImageCell.swift */; };
		627D15C62B8E1D27003C3FF5 /* CheckBox.swift in Sources */ = {isa = PBXBuildFile; fileRef = 627D15C52B8E1D27003C3FF5 /* CheckBox.swift */; };
		628B79D52B8E2DB1007EDB91 /* OrderDrink.swift in Sources */ = {isa = PBXBuildFile; fileRef = 628B79D42B8E2DB1007EDB91 /* OrderDrink.swift */; };
		628B79D72B919A62007EDB91 /* OrderCell.swift in Sources */ = {isa = PBXBuildFile; fileRef = 628B79D62B919A62007EDB91 /* OrderCell.swift */; };
		629065392B9723E60029C9BC /* UpdateOrderDrink.swift in Sources */ = {isa = PBXBuildFile; fileRef = 629065382B9723E60029C9BC /* UpdateOrderDrink.swift */; };
		62A1615B2B87A6D8009457BD /* Drink.swift in Sources */ = {isa = PBXBuildFile; fileRef = 62A1615A2B87A6D8009457BD /* Drink.swift */; };
		62D3B17E2B873E8B000B8A10 /* MenuViewController.swift in Sources */ = {isa = PBXBuildFile; fileRef = 62D3B17D2B873E8B000B8A10 /* MenuViewController.swift */; };
		62D3B1802B8740C8000B8A10 /* OrderViewController.swift in Sources */ = {isa = PBXBuildFile; fileRef = 62D3B17F2B8740C8000B8A10 /* OrderViewController.swift */; };
		62D3B1822B8742C0000B8A10 /* UIColor+ext .swift in Sources */ = {isa = PBXBuildFile; fileRef = 62D3B1812B8742C0000B8A10 /* UIColor+ext .swift */; };
		62D3B1862B87744B000B8A10 /* DrinkCell.swift in Sources */ = {isa = PBXBuildFile; fileRef = 62D3B1852B87744B000B8A10 /* DrinkCell.swift */; };
		62D8E9502B88CBE10014F392 /* DrinkDetailViewController.swift in Sources */ = {isa = PBXBuildFile; fileRef = 62D8E94F2B88CBE10014F392 /* DrinkDetailViewController.swift */; };
		62F206482B885830001F0091 /* MenuHeaderView.swift in Sources */ = {isa = PBXBuildFile; fileRef = 62F206472B885830001F0091 /* MenuHeaderView.swift */; };
		62F491DD2B8B976300CA3E31 /* RadioButton.swift in Sources */ = {isa = PBXBuildFile; fileRef = 62F491DC2B8B976300CA3E31 /* RadioButton.swift */; };
		D9FAFC9CCD48C87BFBD2EA77 /* Pods_Demo.framework in Frameworks */ = {isa = PBXBuildFile; fileRef = 6B03AE7121EFE5BA1FE4E8F3 /* Pods_Demo.framework */; };
		F521C05929EE6D2A008A5F7C /* AppDelegate.swift in Sources */ = {isa = PBXBuildFile; fileRef = F521C05829EE6D2A008A5F7C /* AppDelegate.swift */; };
		F521C05B29EE6D2A008A5F7C /* SceneDelegate.swift in Sources */ = {isa = PBXBuildFile; fileRef = F521C05A29EE6D2A008A5F7C /* SceneDelegate.swift */; };
		F521C05D29EE6D2A008A5F7C /* ViewController.swift in Sources */ = {isa = PBXBuildFile; fileRef = F521C05C29EE6D2A008A5F7C /* ViewController.swift */; };
		F521C06029EE6D2A008A5F7C /* Main.storyboard in Resources */ = {isa = PBXBuildFile; fileRef = F521C05E29EE6D2A008A5F7C /* Main.storyboard */; };
		F521C06229EE6D2B008A5F7C /* Assets.xcassets in Resources */ = {isa = PBXBuildFile; fileRef = F521C06129EE6D2B008A5F7C /* Assets.xcassets */; };
		F521C06529EE6D2B008A5F7C /* LaunchScreen.storyboard in Resources */ = {isa = PBXBuildFile; fileRef = F521C06329EE6D2B008A5F7C /* LaunchScreen.storyboard */; };
/* End PBXBuildFile section */

/* Begin PBXFileReference section */
		479B6EC5C5CEE13A07E793E2 /* Pods-Demo.release.xcconfig */ = {isa = PBXFileReference; includeInIndex = 1; lastKnownFileType = text.xcconfig; name = "Pods-Demo.release.xcconfig"; path = "Target Support Files/Pods-Demo/Pods-Demo.release.xcconfig"; sourceTree = "<group>"; };
		6249771C2B8A349D0059B9C9 /* BannerImageCell.swift */ = {isa = PBXFileReference; lastKnownFileType = sourcecode.swift; path = BannerImageCell.swift; sourceTree = "<group>"; };
		627D15C52B8E1D27003C3FF5 /* CheckBox.swift */ = {isa = PBXFileReference; lastKnownFileType = sourcecode.swift; path = CheckBox.swift; sourceTree = "<group>"; };
		628B79D42B8E2DB1007EDB91 /* OrderDrink.swift */ = {isa = PBXFileReference; lastKnownFileType = sourcecode.swift; path = OrderDrink.swift; sourceTree = "<group>"; };
		628B79D62B919A62007EDB91 /* OrderCell.swift */ = {isa = PBXFileReference; lastKnownFileType = sourcecode.swift; path = OrderCell.swift; sourceTree = "<group>"; };
		629065382B9723E60029C9BC /* UpdateOrderDrink.swift */ = {isa = PBXFileReference; lastKnownFileType = sourcecode.swift; path = UpdateOrderDrink.swift; sourceTree = "<group>"; };
		62A1615A2B87A6D8009457BD /* Drink.swift */ = {isa = PBXFileReference; lastKnownFileType = sourcecode.swift; path = Drink.swift; sourceTree = "<group>"; };
		62D3B17D2B873E8B000B8A10 /* MenuViewController.swift */ = {isa = PBXFileReference; lastKnownFileType = sourcecode.swift; path = MenuViewController.swift; sourceTree = "<group>"; };
		62D3B17F2B8740C8000B8A10 /* OrderViewController.swift */ = {isa = PBXFileReference; lastKnownFileType = sourcecode.swift; path = OrderViewController.swift; sourceTree = "<group>"; };
		62D3B1812B8742C0000B8A10 /* UIColor+ext .swift */ = {isa = PBXFileReference; lastKnownFileType = sourcecode.swift; path = "UIColor+ext .swift"; sourceTree = "<group>"; };
		62D3B1852B87744B000B8A10 /* DrinkCell.swift */ = {isa = PBXFileReference; lastKnownFileType = sourcecode.swift; path = DrinkCell.swift; sourceTree = "<group>"; };
		62D8E94F2B88CBE10014F392 /* DrinkDetailViewController.swift */ = {isa = PBXFileReference; lastKnownFileType = sourcecode.swift; path = DrinkDetailViewController.swift; sourceTree = "<group>"; };
		62F206472B885830001F0091 /* MenuHeaderView.swift */ = {isa = PBXFileReference; lastKnownFileType = sourcecode.swift; path = MenuHeaderView.swift; sourceTree = "<group>"; };
		62F491DC2B8B976300CA3E31 /* RadioButton.swift */ = {isa = PBXFileReference; lastKnownFileType = sourcecode.swift; path = RadioButton.swift; sourceTree = "<group>"; };
		64AA8ED4AD31619F8F001C67 /* Pods-Demo.debug.xcconfig */ = {isa = PBXFileReference; includeInIndex = 1; lastKnownFileType = text.xcconfig; name = "Pods-Demo.debug.xcconfig"; path = "Target Support Files/Pods-Demo/Pods-Demo.debug.xcconfig"; sourceTree = "<group>"; };
		6B03AE7121EFE5BA1FE4E8F3 /* Pods_Demo.framework */ = {isa = PBXFileReference; explicitFileType = wrapper.framework; includeInIndex = 0; path = Pods_Demo.framework; sourceTree = BUILT_PRODUCTS_DIR; };
		F521C05529EE6D2A008A5F7C /* Demo.app */ = {isa = PBXFileReference; explicitFileType = wrapper.application; includeInIndex = 0; path = Demo.app; sourceTree = BUILT_PRODUCTS_DIR; };
		F521C05829EE6D2A008A5F7C /* AppDelegate.swift */ = {isa = PBXFileReference; lastKnownFileType = sourcecode.swift; path = AppDelegate.swift; sourceTree = "<group>"; };
		F521C05A29EE6D2A008A5F7C /* SceneDelegate.swift */ = {isa = PBXFileReference; lastKnownFileType = sourcecode.swift; path = SceneDelegate.swift; sourceTree = "<group>"; };
		F521C05C29EE6D2A008A5F7C /* ViewController.swift */ = {isa = PBXFileReference; lastKnownFileType = sourcecode.swift; path = ViewController.swift; sourceTree = "<group>"; };
		F521C05F29EE6D2A008A5F7C /* Base */ = {isa = PBXFileReference; lastKnownFileType = file.storyboard; name = Base; path = Base.lproj/Main.storyboard; sourceTree = "<group>"; };
		F521C06129EE6D2B008A5F7C /* Assets.xcassets */ = {isa = PBXFileReference; lastKnownFileType = folder.assetcatalog; path = Assets.xcassets; sourceTree = "<group>"; };
		F521C06429EE6D2B008A5F7C /* Base */ = {isa = PBXFileReference; lastKnownFileType = file.storyboard; name = Base; path = Base.lproj/LaunchScreen.storyboard; sourceTree = "<group>"; };
		F521C06629EE6D2B008A5F7C /* Info.plist */ = {isa = PBXFileReference; lastKnownFileType = text.plist.xml; path = Info.plist; sourceTree = "<group>"; };
/* End PBXFileReference section */

/* Begin PBXFrameworksBuildPhase section */
		F521C05229EE6D2A008A5F7C /* Frameworks */ = {
			isa = PBXFrameworksBuildPhase;
			buildActionMask = 2147483647;
			files = (
				D9FAFC9CCD48C87BFBD2EA77 /* Pods_Demo.framework in Frameworks */,
			);
			runOnlyForDeploymentPostprocessing = 0;
		};
/* End PBXFrameworksBuildPhase section */

/* Begin PBXGroup section */
		6290653A2B9724040029C9BC /* MenuView */ = {
			isa = PBXGroup;
			children = (
				62D3B17D2B873E8B000B8A10 /* MenuViewController.swift */,
				6249771C2B8A349D0059B9C9 /* BannerImageCell.swift */,
				62F206472B885830001F0091 /* MenuHeaderView.swift */,
				62D3B1852B87744B000B8A10 /* DrinkCell.swift */,
				62A1615A2B87A6D8009457BD /* Drink.swift */,
			);
			name = MenuView;
			path = ..;
			sourceTree = "<group>";
		};
		6290653B2B9724470029C9BC /* DrinkDetailView */ = {
			isa = PBXGroup;
			children = (
				62D8E94F2B88CBE10014F392 /* DrinkDetailViewController.swift */,
				62F491DC2B8B976300CA3E31 /* RadioButton.swift */,
				627D15C52B8E1D27003C3FF5 /* CheckBox.swift */,
				629065382B9723E60029C9BC /* UpdateOrderDrink.swift */,
			);
			name = DrinkDetailView;
			path = ..;
			sourceTree = "<group>";
		};
		6290653C2B9724A60029C9BC /* OrderView */ = {
			isa = PBXGroup;
			children = (
				62D3B17F2B8740C8000B8A10 /* OrderViewController.swift */,
				628B79D62B919A62007EDB91 /* OrderCell.swift */,
				628B79D42B8E2DB1007EDB91 /* OrderDrink.swift */,
			);
			name = OrderView;
			path = ..;
			sourceTree = "<group>";
		};
		95FC1598A499254C2A229540 /* Pods */ = {
			isa = PBXGroup;
			children = (
				64AA8ED4AD31619F8F001C67 /* Pods-Demo.debug.xcconfig */,
				479B6EC5C5CEE13A07E793E2 /* Pods-Demo.release.xcconfig */,
			);
			path = Pods;
			sourceTree = "<group>";
		};
		A4A7E1DCC0B96EB91F7C1F2E /* Frameworks */ = {
			isa = PBXGroup;
			children = (
				6B03AE7121EFE5BA1FE4E8F3 /* Pods_Demo.framework */,
			);
			name = Frameworks;
			sourceTree = "<group>";
		};
		F521C04C29EE6D2A008A5F7C = {
			isa = PBXGroup;
			children = (
				F521C05729EE6D2A008A5F7C /* Demo */,
				F521C05629EE6D2A008A5F7C /* Products */,
				95FC1598A499254C2A229540 /* Pods */,
				A4A7E1DCC0B96EB91F7C1F2E /* Frameworks */,
			);
			sourceTree = "<group>";
		};
		F521C05629EE6D2A008A5F7C /* Products */ = {
			isa = PBXGroup;
			children = (
				F521C05529EE6D2A008A5F7C /* Demo.app */,
			);
			name = Products;
			sourceTree = "<group>";
		};
		F521C05729EE6D2A008A5F7C /* Demo */ = {
			isa = PBXGroup;
			children = (
				F521C05829EE6D2A008A5F7C /* AppDelegate.swift */,
				F521C05A29EE6D2A008A5F7C /* SceneDelegate.swift */,
				F521C05C29EE6D2A008A5F7C /* ViewController.swift */,
				6290653A2B9724040029C9BC /* MenuView */,
				6290653B2B9724470029C9BC /* DrinkDetailView */,
				6290653C2B9724A60029C9BC /* OrderView */,
				62D3B1812B8742C0000B8A10 /* UIColor+ext .swift */,
				F521C05E29EE6D2A008A5F7C /* Main.storyboard */,
				F521C06129EE6D2B008A5F7C /* Assets.xcassets */,
				F521C06329EE6D2B008A5F7C /* LaunchScreen.storyboard */,
				F521C06629EE6D2B008A5F7C /* Info.plist */,
			);
			path = Demo;
			sourceTree = "<group>";
		};
/* End PBXGroup section */

/* Begin PBXNativeTarget section */
		F521C05429EE6D2A008A5F7C /* Demo */ = {
			isa = PBXNativeTarget;
			buildConfigurationList = F521C06929EE6D2B008A5F7C /* Build configuration list for PBXNativeTarget "Demo" */;
			buildPhases = (
				6324534497247732AB90037A /* [CP] Check Pods Manifest.lock */,
				F521C05129EE6D2A008A5F7C /* Sources */,
				F521C05229EE6D2A008A5F7C /* Frameworks */,
				F521C05329EE6D2A008A5F7C /* Resources */,
				95BE2C8E2440AB55D8EAF8F5 /* [CP] Embed Pods Frameworks */,
			);
			buildRules = (
			);
			dependencies = (
			);
			name = Demo;
			productName = Demo;
			productReference = F521C05529EE6D2A008A5F7C /* Demo.app */;
			productType = "com.apple.product-type.application";
		};
/* End PBXNativeTarget section */

/* Begin PBXProject section */
		F521C04D29EE6D2A008A5F7C /* Project object */ = {
			isa = PBXProject;
			attributes = {
				BuildIndependentTargetsInParallel = 1;
				LastSwiftUpdateCheck = 1420;
				LastUpgradeCheck = 1420;
				TargetAttributes = {
					F521C05429EE6D2A008A5F7C = {
						CreatedOnToolsVersion = 14.2;
						LastSwiftMigration = 1520;
					};
				};
			};
			buildConfigurationList = F521C05029EE6D2A008A5F7C /* Build configuration list for PBXProject "Demo" */;
			compatibilityVersion = "Xcode 14.0";
			developmentRegion = en;
			hasScannedForEncodings = 0;
			knownRegions = (
				en,
				Base,
			);
			mainGroup = F521C04C29EE6D2A008A5F7C;
			productRefGroup = F521C05629EE6D2A008A5F7C /* Products */;
			projectDirPath = "";
			projectRoot = "";
			targets = (
				F521C05429EE6D2A008A5F7C /* Demo */,
			);
		};
/* End PBXProject section */

/* Begin PBXResourcesBuildPhase section */
		F521C05329EE6D2A008A5F7C /* Resources */ = {
			isa = PBXResourcesBuildPhase;
			buildActionMask = 2147483647;
			files = (
				F521C06529EE6D2B008A5F7C /* LaunchScreen.storyboard in Resources */,
				F521C06229EE6D2B008A5F7C /* Assets.xcassets in Resources */,
				F521C06029EE6D2A008A5F7C /* Main.storyboard in Resources */,
			);
			runOnlyForDeploymentPostprocessing = 0;
		};
/* End PBXResourcesBuildPhase section */

/* Begin PBXShellScriptBuildPhase section */
		6324534497247732AB90037A /* [CP] Check Pods Manifest.lock */ = {
			isa = PBXShellScriptBuildPhase;
			buildActionMask = 2147483647;
			files = (
			);
			inputFileListPaths = (
			);
			inputPaths = (
				"${PODS_PODFILE_DIR_PATH}/Podfile.lock",
				"${PODS_ROOT}/Manifest.lock",
			);
			name = "[CP] Check Pods Manifest.lock";
			outputFileListPaths = (
			);
			outputPaths = (
				"$(DERIVED_FILE_DIR)/Pods-Demo-checkManifestLockResult.txt",
			);
			runOnlyForDeploymentPostprocessing = 0;
			shellPath = /bin/sh;
			shellScript = "diff \"${PODS_PODFILE_DIR_PATH}/Podfile.lock\" \"${PODS_ROOT}/Manifest.lock\" > /dev/null\nif [ $? != 0 ] ; then\n    # print error to STDERR\n    echo \"error: The sandbox is not in sync with the Podfile.lock. Run 'pod install' or update your CocoaPods installation.\" >&2\n    exit 1\nfi\n# This output is used by Xcode 'outputs' to avoid re-running this script phase.\necho \"SUCCESS\" > \"${SCRIPT_OUTPUT_FILE_0}\"\n";
			showEnvVarsInLog = 0;
		};
		95BE2C8E2440AB55D8EAF8F5 /* [CP] Embed Pods Frameworks */ = {
			isa = PBXShellScriptBuildPhase;
			buildActionMask = 2147483647;
			files = (
			);
			inputFileListPaths = (
				"${PODS_ROOT}/Target Support Files/Pods-Demo/Pods-Demo-frameworks-${CONFIGURATION}-input-files.xcfilelist",
			);
			name = "[CP] Embed Pods Frameworks";
			outputFileListPaths = (
				"${PODS_ROOT}/Target Support Files/Pods-Demo/Pods-Demo-frameworks-${CONFIGURATION}-output-files.xcfilelist",
			);
			runOnlyForDeploymentPostprocessing = 0;
			shellPath = /bin/sh;
			shellScript = "\"${PODS_ROOT}/Target Support Files/Pods-Demo/Pods-Demo-frameworks.sh\"\n";
			showEnvVarsInLog = 0;
		};
/* End PBXShellScriptBuildPhase section */

/* Begin PBXSourcesBuildPhase section */
		F521C05129EE6D2A008A5F7C /* Sources */ = {
			isa = PBXSourcesBuildPhase;
			buildActionMask = 2147483647;
			files = (
				62D3B1822B8742C0000B8A10 /* UIColor+ext .swift in Sources */,
				6249771D2B8A349D0059B9C9 /* BannerImageCell.swift in Sources */,
				F521C05D29EE6D2A008A5F7C /* ViewController.swift in Sources */,
				62F491DD2B8B976300CA3E31 /* RadioButton.swift in Sources */,
				629065392B9723E60029C9BC /* UpdateOrderDrink.swift in Sources */,
				62D3B1862B87744B000B8A10 /* DrinkCell.swift in Sources */,
				628B79D52B8E2DB1007EDB91 /* OrderDrink.swift in Sources */,
				62D3B1802B8740C8000B8A10 /* OrderViewController.swift in Sources */,
				628B79D72B919A62007EDB91 /* OrderCell.swift in Sources */,
				62D8E9502B88CBE10014F392 /* DrinkDetailViewController.swift in Sources */,
				F521C05929EE6D2A008A5F7C /* AppDelegate.swift in Sources */,
				F521C05B29EE6D2A008A5F7C /* SceneDelegate.swift in Sources */,
				62A1615B2B87A6D8009457BD /* Drink.swift in Sources */,
				62D3B17E2B873E8B000B8A10 /* MenuViewController.swift in Sources */,
				627D15C62B8E1D27003C3FF5 /* CheckBox.swift in Sources */,
				62F206482B885830001F0091 /* MenuHeaderView.swift in Sources */,
			);
			runOnlyForDeploymentPostprocessing = 0;
		};
/* End PBXSourcesBuildPhase section */

/* Begin PBXVariantGroup section */
		F521C05E29EE6D2A008A5F7C /* Main.storyboard */ = {
			isa = PBXVariantGroup;
			children = (
				F521C05F29EE6D2A008A5F7C /* Base */,
			);
			name = Main.storyboard;
			sourceTree = "<group>";
		};
		F521C06329EE6D2B008A5F7C /* LaunchScreen.storyboard */ = {
			isa = PBXVariantGroup;
			children = (
				F521C06429EE6D2B008A5F7C /* Base */,
			);
			name = LaunchScreen.storyboard;
			sourceTree = "<group>";
		};
/* End PBXVariantGroup section */

/* Begin XCBuildConfiguration section */
		F521C06729EE6D2B008A5F7C /* Debug */ = {
			isa = XCBuildConfiguration;
			buildSettings = {
				ALWAYS_SEARCH_USER_PATHS = NO;
				CLANG_ANALYZER_NONNULL = YES;
				CLANG_ANALYZER_NUMBER_OBJECT_CONVERSION = YES_AGGRESSIVE;
				CLANG_CXX_LANGUAGE_STANDARD = "gnu++20";
				CLANG_ENABLE_MODULES = YES;
				CLANG_ENABLE_OBJC_ARC = YES;
				CLANG_ENABLE_OBJC_WEAK = YES;
				CLANG_WARN_BLOCK_CAPTURE_AUTORELEASING = YES;
				CLANG_WARN_BOOL_CONVERSION = YES;
				CLANG_WARN_COMMA = YES;
				CLANG_WARN_CONSTANT_CONVERSION = YES;
				CLANG_WARN_DEPRECATED_OBJC_IMPLEMENTATIONS = YES;
				CLANG_WARN_DIRECT_OBJC_ISA_USAGE = YES_ERROR;
				CLANG_WARN_DOCUMENTATION_COMMENTS = YES;
				CLANG_WARN_EMPTY_BODY = YES;
				CLANG_WARN_ENUM_CONVERSION = YES;
				CLANG_WARN_INFINITE_RECURSION = YES;
				CLANG_WARN_INT_CONVERSION = YES;
				CLANG_WARN_NON_LITERAL_NULL_CONVERSION = YES;
				CLANG_WARN_OBJC_IMPLICIT_RETAIN_SELF = YES;
				CLANG_WARN_OBJC_LITERAL_CONVERSION = YES;
				CLANG_WARN_OBJC_ROOT_CLASS = YES_ERROR;
				CLANG_WARN_QUOTED_INCLUDE_IN_FRAMEWORK_HEADER = YES;
				CLANG_WARN_RANGE_LOOP_ANALYSIS = YES;
				CLANG_WARN_STRICT_PROTOTYPES = YES;
				CLANG_WARN_SUSPICIOUS_MOVE = YES;
				CLANG_WARN_UNGUARDED_AVAILABILITY = YES_AGGRESSIVE;
				CLANG_WARN_UNREACHABLE_CODE = YES;
				CLANG_WARN__DUPLICATE_METHOD_MATCH = YES;
				COPY_PHASE_STRIP = NO;
				DEBUG_INFORMATION_FORMAT = dwarf;
				ENABLE_STRICT_OBJC_MSGSEND = YES;
				ENABLE_TESTABILITY = YES;
				GCC_C_LANGUAGE_STANDARD = gnu11;
				GCC_DYNAMIC_NO_PIC = NO;
				GCC_NO_COMMON_BLOCKS = YES;
				GCC_OPTIMIZATION_LEVEL = 0;
				GCC_PREPROCESSOR_DEFINITIONS = (
					"DEBUG=1",
					"$(inherited)",
				);
				GCC_WARN_64_TO_32_BIT_CONVERSION = YES;
				GCC_WARN_ABOUT_RETURN_TYPE = YES_ERROR;
				GCC_WARN_UNDECLARED_SELECTOR = YES;
				GCC_WARN_UNINITIALIZED_AUTOS = YES_AGGRESSIVE;
				GCC_WARN_UNUSED_FUNCTION = YES;
				GCC_WARN_UNUSED_VARIABLE = YES;
				IPHONEOS_DEPLOYMENT_TARGET = 16.2;
				MTL_ENABLE_DEBUG_INFO = INCLUDE_SOURCE;
				MTL_FAST_MATH = YES;
				ONLY_ACTIVE_ARCH = YES;
				SDKROOT = iphoneos;
				SWIFT_ACTIVE_COMPILATION_CONDITIONS = DEBUG;
				SWIFT_OPTIMIZATION_LEVEL = "-Onone";
			};
			name = Debug;
		};
		F521C06829EE6D2B008A5F7C /* Release */ = {
			isa = XCBuildConfiguration;
			buildSettings = {
				ALWAYS_SEARCH_USER_PATHS = NO;
				CLANG_ANALYZER_NONNULL = YES;
				CLANG_ANALYZER_NUMBER_OBJECT_CONVERSION = YES_AGGRESSIVE;
				CLANG_CXX_LANGUAGE_STANDARD = "gnu++20";
				CLANG_ENABLE_MODULES = YES;
				CLANG_ENABLE_OBJC_ARC = YES;
				CLANG_ENABLE_OBJC_WEAK = YES;
				CLANG_WARN_BLOCK_CAPTURE_AUTORELEASING = YES;
				CLANG_WARN_BOOL_CONVERSION = YES;
				CLANG_WARN_COMMA = YES;
				CLANG_WARN_CONSTANT_CONVERSION = YES;
				CLANG_WARN_DEPRECATED_OBJC_IMPLEMENTATIONS = YES;
				CLANG_WARN_DIRECT_OBJC_ISA_USAGE = YES_ERROR;
				CLANG_WARN_DOCUMENTATION_COMMENTS = YES;
				CLANG_WARN_EMPTY_BODY = YES;
				CLANG_WARN_ENUM_CONVERSION = YES;
				CLANG_WARN_INFINITE_RECURSION = YES;
				CLANG_WARN_INT_CONVERSION = YES;
				CLANG_WARN_NON_LITERAL_NULL_CONVERSION = YES;
				CLANG_WARN_OBJC_IMPLICIT_RETAIN_SELF = YES;
				CLANG_WARN_OBJC_LITERAL_CONVERSION = YES;
				CLANG_WARN_OBJC_ROOT_CLASS = YES_ERROR;
				CLANG_WARN_QUOTED_INCLUDE_IN_FRAMEWORK_HEADER = YES;
				CLANG_WARN_RANGE_LOOP_ANALYSIS = YES;
				CLANG_WARN_STRICT_PROTOTYPES = YES;
				CLANG_WARN_SUSPICIOUS_MOVE = YES;
				CLANG_WARN_UNGUARDED_AVAILABILITY = YES_AGGRESSIVE;
				CLANG_WARN_UNREACHABLE_CODE = YES;
				CLANG_WARN__DUPLICATE_METHOD_MATCH = YES;
				COPY_PHASE_STRIP = NO;
				DEBUG_INFORMATION_FORMAT = "dwarf-with-dsym";
				ENABLE_NS_ASSERTIONS = NO;
				ENABLE_STRICT_OBJC_MSGSEND = YES;
				GCC_C_LANGUAGE_STANDARD = gnu11;
				GCC_NO_COMMON_BLOCKS = YES;
				GCC_WARN_64_TO_32_BIT_CONVERSION = YES;
				GCC_WARN_ABOUT_RETURN_TYPE = YES_ERROR;
				GCC_WARN_UNDECLARED_SELECTOR = YES;
				GCC_WARN_UNINITIALIZED_AUTOS = YES_AGGRESSIVE;
				GCC_WARN_UNUSED_FUNCTION = YES;
				GCC_WARN_UNUSED_VARIABLE = YES;
				IPHONEOS_DEPLOYMENT_TARGET = 16.2;
				MTL_ENABLE_DEBUG_INFO = NO;
				MTL_FAST_MATH = YES;
				SDKROOT = iphoneos;
				SWIFT_COMPILATION_MODE = wholemodule;
				SWIFT_OPTIMIZATION_LEVEL = "-O";
				VALIDATE_PRODUCT = YES;
			};
			name = Release;
		};
		F521C06A29EE6D2B008A5F7C /* Debug */ = {
			isa = XCBuildConfiguration;
			baseConfigurationReference = 64AA8ED4AD31619F8F001C67 /* Pods-Demo.debug.xcconfig */;
			buildSettings = {
				ASSETCATALOG_COMPILER_APPICON_NAME = AppIcon;
				ASSETCATALOG_COMPILER_GLOBAL_ACCENT_COLOR_NAME = AccentColor;
				CLANG_ENABLE_MODULES = YES;
				CODE_SIGN_STYLE = Automatic;
				CURRENT_PROJECT_VERSION = 1;
				DEVELOPMENT_TEAM = H684NQZS4N;
				GENERATE_INFOPLIST_FILE = YES;
				INFOPLIST_FILE = Demo/Info.plist;
				INFOPLIST_KEY_UIApplicationSupportsIndirectInputEvents = YES;
				INFOPLIST_KEY_UILaunchStoryboardName = LaunchScreen;
				INFOPLIST_KEY_UIMainStoryboardFile = Main;
				INFOPLIST_KEY_UISupportedInterfaceOrientations_iPad = "UIInterfaceOrientationPortrait UIInterfaceOrientationPortraitUpsideDown UIInterfaceOrientationLandscapeLeft UIInterfaceOrientationLandscapeRight";
				INFOPLIST_KEY_UISupportedInterfaceOrientations_iPhone = "UIInterfaceOrientationPortrait UIInterfaceOrientationLandscapeLeft UIInterfaceOrientationLandscapeRight";
				LD_RUNPATH_SEARCH_PATHS = (
					"$(inherited)",
					"@executable_path/Frameworks",
				);
				MARKETING_VERSION = 1.0;
				PRODUCT_BUNDLE_IDENTIFIER = com.joanna.Demo;
				PRODUCT_NAME = "$(TARGET_NAME)";
				SWIFT_EMIT_LOC_STRINGS = YES;
				SWIFT_OBJC_BRIDGING_HEADER = "";
				SWIFT_OPTIMIZATION_LEVEL = "-Onone";
				SWIFT_VERSION = 5.0;
				TARGETED_DEVICE_FAMILY = "1,2";
			};
			name = Debug;
		};
		F521C06B29EE6D2B008A5F7C /* Release */ = {
			isa = XCBuildConfiguration;
			baseConfigurationReference = 479B6EC5C5CEE13A07E793E2 /* Pods-Demo.release.xcconfig */;
			buildSettings = {
				ASSETCATALOG_COMPILER_APPICON_NAME = AppIcon;
				ASSETCATALOG_COMPILER_GLOBAL_ACCENT_COLOR_NAME = AccentColor;
				CLANG_ENABLE_MODULES = YES;
				CODE_SIGN_STYLE = Automatic;
				CURRENT_PROJECT_VERSION = 1;
				DEVELOPMENT_TEAM = H684NQZS4N;
				GENERATE_INFOPLIST_FILE = YES;
				INFOPLIST_FILE = Demo/Info.plist;
				INFOPLIST_KEY_UIApplicationSupportsIndirectInputEvents = YES;
				INFOPLIST_KEY_UILaunchStoryboardName = LaunchScreen;
				INFOPLIST_KEY_UIMainStoryboardFile = Main;
				INFOPLIST_KEY_UISupportedInterfaceOrientations_iPad = "UIInterfaceOrientationPortrait UIInterfaceOrientationPortraitUpsideDown UIInterfaceOrientationLandscapeLeft UIInterfaceOrientationLandscapeRight";
				INFOPLIST_KEY_UISupportedInterfaceOrientations_iPhone = "UIInterfaceOrientationPortrait UIInterfaceOrientationLandscapeLeft UIInterfaceOrientationLandscapeRight";
				LD_RUNPATH_SEARCH_PATHS = (
					"$(inherited)",
					"@executable_path/Frameworks",
				);
				MARKETING_VERSION = 1.0;
				PRODUCT_BUNDLE_IDENTIFIER = com.joanna.Demo;
				PRODUCT_NAME = "$(TARGET_NAME)";
				SWIFT_EMIT_LOC_STRINGS = YES;
				SWIFT_OBJC_BRIDGING_HEADER = "";
				SWIFT_VERSION = 5.0;
				TARGETED_DEVICE_FAMILY = "1,2";
			};
			name = Release;
		};
/* End XCBuildConfiguration section */

/* Begin XCConfigurationList section */
		F521C05029EE6D2A008A5F7C /* Build configuration list for PBXProject "Demo" */ = {
			isa = XCConfigurationList;
			buildConfigurations = (
				F521C06729EE6D2B008A5F7C /* Debug */,
				F521C06829EE6D2B008A5F7C /* Release */,
			);
			defaultConfigurationIsVisible = 0;
			defaultConfigurationName = Release;
		};
		F521C06929EE6D2B008A5F7C /* Build configuration list for PBXNativeTarget "Demo" */ = {
			isa = XCConfigurationList;
			buildConfigurations = (
				F521C06A29EE6D2B008A5F7C /* Debug */,
				F521C06B29EE6D2B008A5F7C /* Release */,
			);
			defaultConfigurationIsVisible = 0;
			defaultConfigurationName = Release;
		};
/* End XCConfigurationList section */
	};
	rootObject = F521C04D29EE6D2A008A5F7C /* Project object */;
}
